// !$*UTF8*$!
{
	archiveVersion = 1;
	classes = {
	};
	objectVersion = 56;
	objects = {

/* Begin PBXBuildFile section */
		B01976682BB04B2F00C4B2FD /* OnboardingContainerViewController.swift in Sources */ = {isa = PBXBuildFile; fileRef = B01976672BB04B2F00C4B2FD /* OnboardingContainerViewController.swift */; };
		B019766C2BB052EB00C4B2FD /* OnboardingViewController.swift in Sources */ = {isa = PBXBuildFile; fileRef = B019766B2BB052EB00C4B2FD /* OnboardingViewController.swift */; };
		B019766E2BB0BA2700C4B2FD /* DummyViewController.swift in Sources */ = {isa = PBXBuildFile; fileRef = B019766D2BB0BA2700C4B2FD /* DummyViewController.swift */; };
		B01976712BB0C5C900C4B2FD /* LocalState.swift in Sources */ = {isa = PBXBuildFile; fileRef = B01976702BB0C5C900C4B2FD /* LocalState.swift */; };
		B01976762BB1CBD100C4B2FD /* MainViewController.swift in Sources */ = {isa = PBXBuildFile; fileRef = B01976752BB1CBD100C4B2FD /* MainViewController.swift */; };
		B019767E2BB1D5C000C4B2FD /* UIViewController+Utils.swift in Sources */ = {isa = PBXBuildFile; fileRef = B019767D2BB1D5C000C4B2FD /* UIViewController+Utils.swift */; };
		B01976812BB1DC4D00C4B2FD /* AccountSummaryViewController.swift in Sources */ = {isa = PBXBuildFile; fileRef = B01976802BB1DC4D00C4B2FD /* AccountSummaryViewController.swift */; };
		B01976832BB1DFE100C4B2FD /* AccountSummaryHeaderView.swift in Sources */ = {isa = PBXBuildFile; fileRef = B01976822BB1DFE100C4B2FD /* AccountSummaryHeaderView.swift */; };
		B0B292282BAB6D0300D39902 /* AppDelegate.swift in Sources */ = {isa = PBXBuildFile; fileRef = B0B292272BAB6D0300D39902 /* AppDelegate.swift */; };
		B0B2922A2BAB6D0300D39902 /* SceneDelegate.swift in Sources */ = {isa = PBXBuildFile; fileRef = B0B292292BAB6D0300D39902 /* SceneDelegate.swift */; };
		B0B2922C2BAB6D0300D39902 /* LoginViewController.swift in Sources */ = {isa = PBXBuildFile; fileRef = B0B2922B2BAB6D0300D39902 /* LoginViewController.swift */; };
		B0B292312BAB6D0500D39902 /* Assets.xcassets in Resources */ = {isa = PBXBuildFile; fileRef = B0B292302BAB6D0500D39902 /* Assets.xcassets */; };
		B0B292342BAB6D0500D39902 /* LaunchScreen.storyboard in Resources */ = {isa = PBXBuildFile; fileRef = B0B292322BAB6D0500D39902 /* LaunchScreen.storyboard */; };
		B0B292472BAB702A00D39902 /* LoginView.swift in Sources */ = {isa = PBXBuildFile; fileRef = B0B292462BAB702A00D39902 /* LoginView.swift */; };
		B0D6536A2BB2072B0001B587 /* AccountSummaryTableViewCell.swift in Sources */ = {isa = PBXBuildFile; fileRef = B0D653692BB2072B0001B587 /* AccountSummaryTableViewCell.swift */; };
/* End PBXBuildFile section */

/* Begin PBXFileReference section */
		B01976672BB04B2F00C4B2FD /* OnboardingContainerViewController.swift */ = {isa = PBXFileReference; lastKnownFileType = sourcecode.swift; path = OnboardingContainerViewController.swift; sourceTree = "<group>"; };
		B019766B2BB052EB00C4B2FD /* OnboardingViewController.swift */ = {isa = PBXFileReference; lastKnownFileType = sourcecode.swift; path = OnboardingViewController.swift; sourceTree = "<group>"; };
		B019766D2BB0BA2700C4B2FD /* DummyViewController.swift */ = {isa = PBXFileReference; lastKnownFileType = sourcecode.swift; path = DummyViewController.swift; sourceTree = "<group>"; };
		B01976702BB0C5C900C4B2FD /* LocalState.swift */ = {isa = PBXFileReference; lastKnownFileType = sourcecode.swift; path = LocalState.swift; sourceTree = "<group>"; };
		B01976752BB1CBD100C4B2FD /* MainViewController.swift */ = {isa = PBXFileReference; lastKnownFileType = sourcecode.swift; path = MainViewController.swift; sourceTree = "<group>"; };
		B019767D2BB1D5C000C4B2FD /* UIViewController+Utils.swift */ = {isa = PBXFileReference; fileEncoding = 4; lastKnownFileType = sourcecode.swift; path = "UIViewController+Utils.swift"; sourceTree = "<group>"; };
		B01976802BB1DC4D00C4B2FD /* AccountSummaryViewController.swift */ = {isa = PBXFileReference; lastKnownFileType = sourcecode.swift; path = AccountSummaryViewController.swift; sourceTree = "<group>"; };
		B01976822BB1DFE100C4B2FD /* AccountSummaryHeaderView.swift */ = {isa = PBXFileReference; lastKnownFileType = sourcecode.swift; path = AccountSummaryHeaderView.swift; sourceTree = "<group>"; };
		B0B292242BAB6D0300D39902 /* Bankey.app */ = {isa = PBXFileReference; explicitFileType = wrapper.application; includeInIndex = 0; path = Bankey.app; sourceTree = BUILT_PRODUCTS_DIR; };
		B0B292272BAB6D0300D39902 /* AppDelegate.swift */ = {isa = PBXFileReference; lastKnownFileType = sourcecode.swift; path = AppDelegate.swift; sourceTree = "<group>"; };
		B0B292292BAB6D0300D39902 /* SceneDelegate.swift */ = {isa = PBXFileReference; lastKnownFileType = sourcecode.swift; path = SceneDelegate.swift; sourceTree = "<group>"; };
		B0B2922B2BAB6D0300D39902 /* LoginViewController.swift */ = {isa = PBXFileReference; lastKnownFileType = sourcecode.swift; path = LoginViewController.swift; sourceTree = "<group>"; };
		B0B292302BAB6D0500D39902 /* Assets.xcassets */ = {isa = PBXFileReference; lastKnownFileType = folder.assetcatalog; path = Assets.xcassets; sourceTree = "<group>"; };
		B0B292332BAB6D0500D39902 /* Base */ = {isa = PBXFileReference; lastKnownFileType = file.storyboard; name = Base; path = Base.lproj/LaunchScreen.storyboard; sourceTree = "<group>"; };
		B0B292352BAB6D0500D39902 /* Info.plist */ = {isa = PBXFileReference; lastKnownFileType = text.plist.xml; path = Info.plist; sourceTree = "<group>"; };
		B0B292462BAB702A00D39902 /* LoginView.swift */ = {isa = PBXFileReference; lastKnownFileType = sourcecode.swift; path = LoginView.swift; sourceTree = "<group>"; };
		B0D653692BB2072B0001B587 /* AccountSummaryTableViewCell.swift */ = {isa = PBXFileReference; lastKnownFileType = sourcecode.swift; path = AccountSummaryTableViewCell.swift; sourceTree = "<group>"; };
/* End PBXFileReference section */

/* Begin PBXFrameworksBuildPhase section */
		B0B292212BAB6D0300D39902 /* Frameworks */ = {
			isa = PBXFrameworksBuildPhase;
			buildActionMask = 2147483647;
			files = (
			);
			runOnlyForDeploymentPostprocessing = 0;
		};
/* End PBXFrameworksBuildPhase section */

/* Begin PBXGroup section */
		B019766F2BB0C5B800C4B2FD /* Utils */ = {
			isa = PBXGroup;
			children = (
				B01976702BB0C5C900C4B2FD /* LocalState.swift */,
				B019767D2BB1D5C000C4B2FD /* UIViewController+Utils.swift */,
			);
			path = Utils;
			sourceTree = "<group>";
		};
		B019767A2BB1CE3A00C4B2FD /* Onboarding */ = {
			isa = PBXGroup;
			children = (
				B019766B2BB052EB00C4B2FD /* OnboardingViewController.swift */,
				B01976672BB04B2F00C4B2FD /* OnboardingContainerViewController.swift */,
			);
			path = Onboarding;
			sourceTree = "<group>";
		};
		B0B2921B2BAB6D0300D39902 = {
			isa = PBXGroup;
			children = (
				B0B292262BAB6D0300D39902 /* Bankey */,
				B0B292252BAB6D0300D39902 /* Products */,
			);
			sourceTree = "<group>";
		};
		B0B292252BAB6D0300D39902 /* Products */ = {
			isa = PBXGroup;
			children = (
				B0B292242BAB6D0300D39902 /* Bankey.app */,
			);
			name = Products;
			sourceTree = "<group>";
		};
		B0B292262BAB6D0300D39902 /* Bankey */ = {
			isa = PBXGroup;
			children = (
				B01976752BB1CBD100C4B2FD /* MainViewController.swift */,
				B0B292432BAB6F2600D39902 /* Delegates */,
				B019766F2BB0C5B800C4B2FD /* Utils */,
				B0B292482BAB703F00D39902 /* Views */,
				B0B292452BAB6F4000D39902 /* Controllers */,
				B0B2923B2BAB6E1000D39902 /* Files */,
			);
			path = Bankey;
			sourceTree = "<group>";
		};
		B0B2923B2BAB6E1000D39902 /* Files */ = {
			isa = PBXGroup;
			children = (
				B0B292302BAB6D0500D39902 /* Assets.xcassets */,
				B0B292322BAB6D0500D39902 /* LaunchScreen.storyboard */,
				B0B292352BAB6D0500D39902 /* Info.plist */,
			);
			name = Files;
			sourceTree = "<group>";
		};
		B0B292432BAB6F2600D39902 /* Delegates */ = {
			isa = PBXGroup;
			children = (
				B0B292292BAB6D0300D39902 /* SceneDelegate.swift */,
				B0B292272BAB6D0300D39902 /* AppDelegate.swift */,
			);
			path = Delegates;
			sourceTree = "<group>";
		};
		B0B292452BAB6F4000D39902 /* Controllers */ = {
			isa = PBXGroup;
			children = (
				B019767A2BB1CE3A00C4B2FD /* Onboarding */,
				B019766D2BB0BA2700C4B2FD /* DummyViewController.swift */,
				B01976802BB1DC4D00C4B2FD /* AccountSummaryViewController.swift */,
				B0B2922B2BAB6D0300D39902 /* LoginViewController.swift */,
			);
			path = Controllers;
			sourceTree = "<group>";
		};
		B0B292482BAB703F00D39902 /* Views */ = {
			isa = PBXGroup;
			children = (
				B0D653682BB206FA0001B587 /* Cells */,
				B0D653672BB206EF0001B587 /* Header */,
				B0B292462BAB702A00D39902 /* LoginView.swift */,
			);
			path = Views;
			sourceTree = "<group>";
		};
		B0D653672BB206EF0001B587 /* Header */ = {
			isa = PBXGroup;
			children = (
				B01976822BB1DFE100C4B2FD /* AccountSummaryHeaderView.swift */,
			);
			path = Header;
			sourceTree = "<group>";
		};
		B0D653682BB206FA0001B587 /* Cells */ = {
			isa = PBXGroup;
			children = (
				B0D653692BB2072B0001B587 /* AccountSummaryTableViewCell.swift */,
			);
			path = Cells;
			sourceTree = "<group>";
		};
/* End PBXGroup section */

/* Begin PBXNativeTarget section */
		B0B292232BAB6D0300D39902 /* Bankey */ = {
			isa = PBXNativeTarget;
			buildConfigurationList = B0B292382BAB6D0500D39902 /* Build configuration list for PBXNativeTarget "Bankey" */;
			buildPhases = (
				B0B292202BAB6D0300D39902 /* Sources */,
				B0B292212BAB6D0300D39902 /* Frameworks */,
				B0B292222BAB6D0300D39902 /* Resources */,
			);
			buildRules = (
			);
			dependencies = (
			);
			name = Bankey;
			productName = Bankey;
			productReference = B0B292242BAB6D0300D39902 /* Bankey.app */;
			productType = "com.apple.product-type.application";
		};
/* End PBXNativeTarget section */

/* Begin PBXProject section */
		B0B2921C2BAB6D0300D39902 /* Project object */ = {
			isa = PBXProject;
			attributes = {
				BuildIndependentTargetsInParallel = 1;
				LastSwiftUpdateCheck = 1520;
				LastUpgradeCheck = 1520;
				TargetAttributes = {
					B0B292232BAB6D0300D39902 = {
						CreatedOnToolsVersion = 15.2;
					};
				};
			};
			buildConfigurationList = B0B2921F2BAB6D0300D39902 /* Build configuration list for PBXProject "Bankey" */;
			compatibilityVersion = "Xcode 14.0";
			developmentRegion = en;
			hasScannedForEncodings = 0;
			knownRegions = (
				en,
				Base,
			);
			mainGroup = B0B2921B2BAB6D0300D39902;
			productRefGroup = B0B292252BAB6D0300D39902 /* Products */;
			projectDirPath = "";
			projectRoot = "";
			targets = (
				B0B292232BAB6D0300D39902 /* Bankey */,
			);
		};
/* End PBXProject section */

/* Begin PBXResourcesBuildPhase section */
		B0B292222BAB6D0300D39902 /* Resources */ = {
			isa = PBXResourcesBuildPhase;
			buildActionMask = 2147483647;
			files = (
				B0B292342BAB6D0500D39902 /* LaunchScreen.storyboard in Resources */,
				B0B292312BAB6D0500D39902 /* Assets.xcassets in Resources */,
			);
			runOnlyForDeploymentPostprocessing = 0;
		};
/* End PBXResourcesBuildPhase section */

/* Begin PBXSourcesBuildPhase section */
		B0B292202BAB6D0300D39902 /* Sources */ = {
			isa = PBXSourcesBuildPhase;
			buildActionMask = 2147483647;
			files = (
				B01976832BB1DFE100C4B2FD /* AccountSummaryHeaderView.swift in Sources */,
				B019766E2BB0BA2700C4B2FD /* DummyViewController.swift in Sources */,
				B0B2922C2BAB6D0300D39902 /* LoginViewController.swift in Sources */,
				B019766C2BB052EB00C4B2FD /* OnboardingViewController.swift in Sources */,
				B0B292282BAB6D0300D39902 /* AppDelegate.swift in Sources */,
				B019767E2BB1D5C000C4B2FD /* UIViewController+Utils.swift in Sources */,
				B0B292472BAB702A00D39902 /* LoginView.swift in Sources */,
				B01976682BB04B2F00C4B2FD /* OnboardingContainerViewController.swift in Sources */,
				B01976762BB1CBD100C4B2FD /* MainViewController.swift in Sources */,
				B01976812BB1DC4D00C4B2FD /* AccountSummaryViewController.swift in Sources */,
				B0B2922A2BAB6D0300D39902 /* SceneDelegate.swift in Sources */,
				B01976712BB0C5C900C4B2FD /* LocalState.swift in Sources */,
				B0D6536A2BB2072B0001B587 /* AccountSummaryTableViewCell.swift in Sources */,
			);
			runOnlyForDeploymentPostprocessing = 0;
		};
/* End PBXSourcesBuildPhase section */

/* Begin PBXVariantGroup section */
		B0B292322BAB6D0500D39902 /* LaunchScreen.storyboard */ = {
			isa = PBXVariantGroup;
			children = (
				B0B292332BAB6D0500D39902 /* Base */,
			);
			name = LaunchScreen.storyboard;
			sourceTree = "<group>";
		};
/* End PBXVariantGroup section */

/* Begin XCBuildConfiguration section */
		B0B292362BAB6D0500D39902 /* Debug */ = {
			isa = XCBuildConfiguration;
			buildSettings = {
				ALWAYS_SEARCH_USER_PATHS = NO;
				ASSETCATALOG_COMPILER_GENERATE_SWIFT_ASSET_SYMBOL_EXTENSIONS = YES;
				CLANG_ANALYZER_NONNULL = YES;
				CLANG_ANALYZER_NUMBER_OBJECT_CONVERSION = YES_AGGRESSIVE;
				CLANG_CXX_LANGUAGE_STANDARD = "gnu++20";
				CLANG_ENABLE_MODULES = YES;
				CLANG_ENABLE_OBJC_ARC = YES;
				CLANG_ENABLE_OBJC_WEAK = YES;
				CLANG_WARN_BLOCK_CAPTURE_AUTORELEASING = YES;
				CLANG_WARN_BOOL_CONVERSION = YES;
				CLANG_WARN_COMMA = YES;
				CLANG_WARN_CONSTANT_CONVERSION = YES;
				CLANG_WARN_DEPRECATED_OBJC_IMPLEMENTATIONS = YES;
				CLANG_WARN_DIRECT_OBJC_ISA_USAGE = YES_ERROR;
				CLANG_WARN_DOCUMENTATION_COMMENTS = YES;
				CLANG_WARN_EMPTY_BODY = YES;
				CLANG_WARN_ENUM_CONVERSION = YES;
				CLANG_WARN_INFINITE_RECURSION = YES;
				CLANG_WARN_INT_CONVERSION = YES;
				CLANG_WARN_NON_LITERAL_NULL_CONVERSION = YES;
				CLANG_WARN_OBJC_IMPLICIT_RETAIN_SELF = YES;
				CLANG_WARN_OBJC_LITERAL_CONVERSION = YES;
				CLANG_WARN_OBJC_ROOT_CLASS = YES_ERROR;
				CLANG_WARN_QUOTED_INCLUDE_IN_FRAMEWORK_HEADER = YES;
				CLANG_WARN_RANGE_LOOP_ANALYSIS = YES;
				CLANG_WARN_STRICT_PROTOTYPES = YES;
				CLANG_WARN_SUSPICIOUS_MOVE = YES;
				CLANG_WARN_UNGUARDED_AVAILABILITY = YES_AGGRESSIVE;
				CLANG_WARN_UNREACHABLE_CODE = YES;
				CLANG_WARN__DUPLICATE_METHOD_MATCH = YES;
				COPY_PHASE_STRIP = NO;
				DEBUG_INFORMATION_FORMAT = dwarf;
				ENABLE_STRICT_OBJC_MSGSEND = YES;
				ENABLE_TESTABILITY = YES;
				ENABLE_USER_SCRIPT_SANDBOXING = YES;
				GCC_C_LANGUAGE_STANDARD = gnu17;
				GCC_DYNAMIC_NO_PIC = NO;
				GCC_NO_COMMON_BLOCKS = YES;
				GCC_OPTIMIZATION_LEVEL = 0;
				GCC_PREPROCESSOR_DEFINITIONS = (
					"DEBUG=1",
					"$(inherited)",
				);
				GCC_WARN_64_TO_32_BIT_CONVERSION = YES;
				GCC_WARN_ABOUT_RETURN_TYPE = YES_ERROR;
				GCC_WARN_UNDECLARED_SELECTOR = YES;
				GCC_WARN_UNINITIALIZED_AUTOS = YES_AGGRESSIVE;
				GCC_WARN_UNUSED_FUNCTION = YES;
				GCC_WARN_UNUSED_VARIABLE = YES;
				IPHONEOS_DEPLOYMENT_TARGET = 17.2;
				LOCALIZATION_PREFERS_STRING_CATALOGS = YES;
				MTL_ENABLE_DEBUG_INFO = INCLUDE_SOURCE;
				MTL_FAST_MATH = YES;
				ONLY_ACTIVE_ARCH = YES;
				SDKROOT = iphoneos;
				SWIFT_ACTIVE_COMPILATION_CONDITIONS = "DEBUG $(inherited)";
				SWIFT_OPTIMIZATION_LEVEL = "-Onone";
			};
			name = Debug;
		};
		B0B292372BAB6D0500D39902 /* Release */ = {
			isa = XCBuildConfiguration;
			buildSettings = {
				ALWAYS_SEARCH_USER_PATHS = NO;
				ASSETCATALOG_COMPILER_GENERATE_SWIFT_ASSET_SYMBOL_EXTENSIONS = YES;
				CLANG_ANALYZER_NONNULL = YES;
				CLANG_ANALYZER_NUMBER_OBJECT_CONVERSION = YES_AGGRESSIVE;
				CLANG_CXX_LANGUAGE_STANDARD = "gnu++20";
				CLANG_ENABLE_MODULES = YES;
				CLANG_ENABLE_OBJC_ARC = YES;
				CLANG_ENABLE_OBJC_WEAK = YES;
				CLANG_WARN_BLOCK_CAPTURE_AUTORELEASING = YES;
				CLANG_WARN_BOOL_CONVERSION = YES;
				CLANG_WARN_COMMA = YES;
				CLANG_WARN_CONSTANT_CONVERSION = YES;
				CLANG_WARN_DEPRECATED_OBJC_IMPLEMENTATIONS = YES;
				CLANG_WARN_DIRECT_OBJC_ISA_USAGE = YES_ERROR;
				CLANG_WARN_DOCUMENTATION_COMMENTS = YES;
				CLANG_WARN_EMPTY_BODY = YES;
				CLANG_WARN_ENUM_CONVERSION = YES;
				CLANG_WARN_INFINITE_RECURSION = YES;
				CLANG_WARN_INT_CONVERSION = YES;
				CLANG_WARN_NON_LITERAL_NULL_CONVERSION = YES;
				CLANG_WARN_OBJC_IMPLICIT_RETAIN_SELF = YES;
				CLANG_WARN_OBJC_LITERAL_CONVERSION = YES;
				CLANG_WARN_OBJC_ROOT_CLASS = YES_ERROR;
				CLANG_WARN_QUOTED_INCLUDE_IN_FRAMEWORK_HEADER = YES;
				CLANG_WARN_RANGE_LOOP_ANALYSIS = YES;
				CLANG_WARN_STRICT_PROTOTYPES = YES;
				CLANG_WARN_SUSPICIOUS_MOVE = YES;
				CLANG_WARN_UNGUARDED_AVAILABILITY = YES_AGGRESSIVE;
				CLANG_WARN_UNREACHABLE_CODE = YES;
				CLANG_WARN__DUPLICATE_METHOD_MATCH = YES;
				COPY_PHASE_STRIP = NO;
				DEBUG_INFORMATION_FORMAT = "dwarf-with-dsym";
				ENABLE_NS_ASSERTIONS = NO;
				ENABLE_STRICT_OBJC_MSGSEND = YES;
				ENABLE_USER_SCRIPT_SANDBOXING = YES;
				GCC_C_LANGUAGE_STANDARD = gnu17;
				GCC_NO_COMMON_BLOCKS = YES;
				GCC_WARN_64_TO_32_BIT_CONVERSION = YES;
				GCC_WARN_ABOUT_RETURN_TYPE = YES_ERROR;
				GCC_WARN_UNDECLARED_SELECTOR = YES;
				GCC_WARN_UNINITIALIZED_AUTOS = YES_AGGRESSIVE;
				GCC_WARN_UNUSED_FUNCTION = YES;
				GCC_WARN_UNUSED_VARIABLE = YES;
				IPHONEOS_DEPLOYMENT_TARGET = 17.2;
				LOCALIZATION_PREFERS_STRING_CATALOGS = YES;
				MTL_ENABLE_DEBUG_INFO = NO;
				MTL_FAST_MATH = YES;
				SDKROOT = iphoneos;
				SWIFT_COMPILATION_MODE = wholemodule;
				VALIDATE_PRODUCT = YES;
			};
			name = Release;
		};
		B0B292392BAB6D0500D39902 /* Debug */ = {
			isa = XCBuildConfiguration;
			buildSettings = {
				ASSETCATALOG_COMPILER_APPICON_NAME = AppIcon;
				ASSETCATALOG_COMPILER_GLOBAL_ACCENT_COLOR_NAME = AccentColor;
				CODE_SIGN_STYLE = Automatic;
				CURRENT_PROJECT_VERSION = 1;
				DEVELOPMENT_TEAM = B9ZPR786BL;
				GENERATE_INFOPLIST_FILE = YES;
				INFOPLIST_FILE = Bankey/Info.plist;
				INFOPLIST_KEY_UIApplicationSupportsIndirectInputEvents = YES;
				INFOPLIST_KEY_UILaunchStoryboardName = LaunchScreen;
				INFOPLIST_KEY_UISupportedInterfaceOrientations_iPad = "UIInterfaceOrientationPortrait UIInterfaceOrientationPortraitUpsideDown UIInterfaceOrientationLandscapeLeft UIInterfaceOrientationLandscapeRight";
				INFOPLIST_KEY_UISupportedInterfaceOrientations_iPhone = "UIInterfaceOrientationPortrait UIInterfaceOrientationLandscapeLeft UIInterfaceOrientationLandscapeRight";
				LD_RUNPATH_SEARCH_PATHS = (
					"$(inherited)",
					"@executable_path/Frameworks",
				);
				MARKETING_VERSION = 1.0;
				PRODUCT_BUNDLE_IDENTIFIER = erenoske.com.Bankey;
				PRODUCT_NAME = "$(TARGET_NAME)";
				SWIFT_EMIT_LOC_STRINGS = YES;
				SWIFT_VERSION = 5.0;
				TARGETED_DEVICE_FAMILY = "1,2";
			};
			name = Debug;
		};
		B0B2923A2BAB6D0500D39902 /* Release */ = {
			isa = XCBuildConfiguration;
			buildSettings = {
				ASSETCATALOG_COMPILER_APPICON_NAME = AppIcon;
				ASSETCATALOG_COMPILER_GLOBAL_ACCENT_COLOR_NAME = AccentColor;
				CODE_SIGN_STYLE = Automatic;
				CURRENT_PROJECT_VERSION = 1;
				DEVELOPMENT_TEAM = B9ZPR786BL;
				GENERATE_INFOPLIST_FILE = YES;
				INFOPLIST_FILE = Bankey/Info.plist;
				INFOPLIST_KEY_UIApplicationSupportsIndirectInputEvents = YES;
				INFOPLIST_KEY_UILaunchStoryboardName = LaunchScreen;
				INFOPLIST_KEY_UISupportedInterfaceOrientations_iPad = "UIInterfaceOrientationPortrait UIInterfaceOrientationPortraitUpsideDown UIInterfaceOrientationLandscapeLeft UIInterfaceOrientationLandscapeRight";
				INFOPLIST_KEY_UISupportedInterfaceOrientations_iPhone = "UIInterfaceOrientationPortrait UIInterfaceOrientationLandscapeLeft UIInterfaceOrientationLandscapeRight";
				LD_RUNPATH_SEARCH_PATHS = (
					"$(inherited)",
					"@executable_path/Frameworks",
				);
				MARKETING_VERSION = 1.0;
				PRODUCT_BUNDLE_IDENTIFIER = erenoske.com.Bankey;
				PRODUCT_NAME = "$(TARGET_NAME)";
				SWIFT_EMIT_LOC_STRINGS = YES;
				SWIFT_VERSION = 5.0;
				TARGETED_DEVICE_FAMILY = "1,2";
			};
			name = Release;
		};
/* End XCBuildConfiguration section */

/* Begin XCConfigurationList section */
		B0B2921F2BAB6D0300D39902 /* Build configuration list for PBXProject "Bankey" */ = {
			isa = XCConfigurationList;
			buildConfigurations = (
				B0B292362BAB6D0500D39902 /* Debug */,
				B0B292372BAB6D0500D39902 /* Release */,
			);
			defaultConfigurationIsVisible = 0;
			defaultConfigurationName = Release;
		};
		B0B292382BAB6D0500D39902 /* Build configuration list for PBXNativeTarget "Bankey" */ = {
			isa = XCConfigurationList;
			buildConfigurations = (
				B0B292392BAB6D0500D39902 /* Debug */,
				B0B2923A2BAB6D0500D39902 /* Release */,
			);
			defaultConfigurationIsVisible = 0;
			defaultConfigurationName = Release;
		};
/* End XCConfigurationList section */
	};
	rootObject = B0B2921C2BAB6D0300D39902 /* Project object */;
}
